
Microsoft Visual Studio Solution File, Format Version 12.00
# Visual Studio Version 17
VisualStudioVersion = 17.10.35122.118
MinimumVisualStudioVersion = 10.0.40219.1
Project("{FAE04EC0-301F-11D3-BF4B-00C04F79EFBC}") = "Module05Exercise01", "Module05Exercise01.csproj", "{A7603575-39CE-4CC4-A2EC-D9D35A513564}"
EndProject
Global
	GlobalSection(SolutionConfigurationPlatforms) = preSolution
		Debug|Any CPU = Debug|Any CPU
		Release|Any CPU = Release|Any CPU
	EndGlobalSection
	GlobalSection(ProjectConfigurationPlatforms) = postSolution
		{A7603575-39CE-4CC4-A2EC-D9D35A513564}.Debug|Any CPU.ActiveCfg = Debug|Any CPU
		{A7603575-39CE-4CC4-A2EC-D9D35A513564}.Debug|Any CPU.Build.0 = Debug|Any CPU
		{A7603575-39CE-4CC4-A2EC-D9D35A513564}.Debug|Any CPU.Deploy.0 = Debug|Any CPU
		{A7603575-39CE-4CC4-A2EC-D9D35A513564}.Release|Any CPU.ActiveCfg = Release|Any CPU
		{A7603575-39CE-4CC4-A2EC-D9D35A513564}.Release|Any CPU.Build.0 = Release|Any CPU
		{A7603575-39CE-4CC4-A2EC-D9D35A513564}.Release|Any CPU.Deploy.0 = Release|Any CPU
	EndGlobalSection
	GlobalSection(SolutionProperties) = preSolution
		HideSolutionNode = FALSE
	EndGlobalSection
	GlobalSection(ExtensibilityGlobals) = postSolution
		SolutionGuid = {422528D1-B214-4659-A738-ABA4C5CB8267}
	EndGlobalSection
EndGlobal
